
Microsoft Visual Studio Solution File, Format Version 12.00
# Visual Studio Version 17
VisualStudioVersion = 17.14.37614.0 d17.14
MinimumVisualStudioVersion = 10.0.40219.1
Project("{FAE04EC0-301F-11D3-BF4B-00C04F79EFBC}") = "ProductManagementAPI", "ProductManagementAPI\ProductManagementAPI.csproj", "{DAA0C306-4786-46F2-82DC-746BF30F696C}"
EndProject
Project("{FAE04EC0-301F-11D3-BF4B-00C04F79EFBC}") = "ProductManagementAPI.Tests", "ProductManagementAPI.Tests\ProductManagementAPI.Tests.csproj", "{E475B676-B9CF-4DC7-B8FD-3454ABB79AEF}"
EndProject
Global
	GlobalSection(SolutionConfigurationPlatforms) = preSolution
		Debug|Any CPU = Debug|Any CPU
		Release|Any CPU = Release|Any CPU
	EndGlobalSection
	GlobalSection(ProjectConfigurationPlatforms) = postSolution
		{DAA0C306-4786-46F2-82DC-746BF30F696C}.Debug|Any CPU.ActiveCfg = Debug|Any CPU
		{DAA0C306-4786-46F2-82DC-746BF30F696C}.Debug|Any CPU.Build.0 = Debug|Any CPU
		{DAA0C306-4786-46F2-82DC-746BF30F696C}.Release|Any CPU.ActiveCfg = Release|Any CPU
		{DAA0C306-4786-46F2-82DC-746BF30F696C}.Release|Any CPU.Build.0 = Release|Any CPU
		{E475B676-B9CF-4DC7-B8FD-3454ABB79AEF}.Debug|Any CPU.ActiveCfg = Debug|Any CPU
		{E475B676-B9CF-4DC7-B8FD-3454ABB79AEF}.Debug|Any CPU.Build.0 = Debug|Any CPU
		{E475B676-B9CF-4DC7-B8FD-3454ABB79AEF}.Release|Any CPU.ActiveCfg = Release|Any CPU
		{E475B676-B9CF-4DC7-B8FD-3454ABB79AEF}.Release|Any CPU.Build.0 = Release|Any CPU
	EndGlobalSection
	GlobalSection(SolutionProperties) = preSolution
		HideSolutionNode = FALSE
	EndGlobalSection
	GlobalSection(ExtensibilityGlobals) = postSolution
		SolutionGuid = {0D1D2322-6675-4ADE-A036-46436250B648}
	EndGlobalSection
EndGlobal
